
Microsoft Visual Studio Solution File, Format Version 12.00
# Visual Studio Version 17
VisualStudioVersion = 17.3.32929.385
MinimumVisualStudioVersion = 10.0.40219.1
Project("{FAE04EC0-301F-11D3-BF4B-00C04F79EFBC}") = "RapidApi_HotelAndTravel", "RapidApi_HotelAndTravel.csproj", "{8A941AAB-A9ED-4251-B8B7-5C8788BE1431}"
EndProject
Global
	GlobalSection(SolutionConfigurationPlatforms) = preSolution
		Debug|Any CPU = Debug|Any CPU
		Release|Any CPU = Release|Any CPU
	EndGlobalSection
	GlobalSection(ProjectConfigurationPlatforms) = postSolution
		{8A941AAB-A9ED-4251-B8B7-5C8788BE1431}.Debug|Any CPU.ActiveCfg = Debug|Any CPU
		{8A941AAB-A9ED-4251-B8B7-5C8788BE1431}.Debug|Any CPU.Build.0 = Debug|Any CPU
		{8A941AAB-A9ED-4251-B8B7-5C8788BE1431}.Release|Any CPU.ActiveCfg = Release|Any CPU
		{8A941AAB-A9ED-4251-B8B7-5C8788BE1431}.Release|Any CPU.Build.0 = Release|Any CPU
	EndGlobalSection
	GlobalSection(SolutionProperties) = preSolution
		HideSolutionNode = FALSE
	EndGlobalSection
	GlobalSection(ExtensibilityGlobals) = postSolution
		SolutionGuid = {17B25F6D-0077-46BB-9ACB-5F4A02C7A1AD}
	EndGlobalSection
EndGlobal
